// !$*UTF8*$!
{
	archiveVersion = 1;
	classes = {
	};
	objectVersion = 56;
	objects = {
		buildConfigurationList = {
			isa = XCConfigurationList;
			buildConfigurations = (
				Debug,
				Release,
			);
			defaultConfigurationIsVisible = 0;
			defaultConfigurationName = Release;
		};
		productRefGroup = {
			isa = PBXGroup;
			children = (
				"Todoo.app",
			);
			name = Products;
			sourceTree = "<group>";
		};
	};
	rootObject = {
		isa = PBXProject;
		attributes = {
			BuildIndependentTargetsInParallel = 1;
			LastSwiftUpdateCheck = 1500;
			LastUpgradeCheck = 1500;
		};
		buildConfigurationList = buildConfigurationList;
		compatibilityVersion = "Xcode 14.0";
		developmentRegion = en;
		hasScannedForEncodings = 0;
		knownRegions = (
			en,
			Base,
		);
		productRefGroup = productRefGroup;
		projectDirPath = "";
		projectRoot = "";
		targets = (
		);
	};
}
